
Microsoft Visual Studio Solution File, Format Version 12.00
# Visual Studio Version 17
VisualStudioVersion = 17.3.32819.101
MinimumVisualStudioVersion = 10.0.40219.1
Project("{9A19103F-16F7-4668-BE54-9A1E7A4F7556}") = "FormulaEvaluator", "FormulaEvaluator\FormulaEvaluator.csproj", "{4F37CD6F-F5F8-410B-8D77-A02862562A9E}"
EndProject
Project("{9A19103F-16F7-4668-BE54-9A1E7A4F7556}") = "EvaluatorTests", "PS1Tests\EvaluatorTests.csproj", "{2D28BAC4-FD31-42D0-AF99-B224591CEBB6}"
EndProject
Project("{9A19103F-16F7-4668-BE54-9A1E7A4F7556}") = "DependencyGraph", "DependencyGraph\DependencyGraph.csproj", "{AA551EFE-DADB-4351-A0EF-3969D175A470}"
EndProject
Project("{9A19103F-16F7-4668-BE54-9A1E7A4F7556}") = "DependencyGraphTests", "DependencyGraphTests\DependencyGraphTests.csproj", "{83FAB5EA-B7E5-476A-A2AE-58C8A5EC6818}"
EndProject
Project("{9A19103F-16F7-4668-BE54-9A1E7A4F7556}") = "Formula", "Formula\Formula.csproj", "{2B90CCAD-C7E8-4B53-91B6-3FFF1CF2AC39}"
EndProject
Project("{9A19103F-16F7-4668-BE54-9A1E7A4F7556}") = "FormulaTests", "FormulaTests\FormulaTests.csproj", "{0EC77AD2-C35A-4B93-A383-C8D388D26797}"
EndProject
Project("{9A19103F-16F7-4668-BE54-9A1E7A4F7556}") = "SpreadsheetTests", "SpreadsheetTests\SpreadsheetTests.csproj", "{30B2D8E9-DCE5-4770-BC7D-51D7FEED60A7}"
EndProject
Project("{9A19103F-16F7-4668-BE54-9A1E7A4F7556}") = "Spreadsheet", "Spreadsheet\Spreadsheet.csproj", "{28DB143E-D32F-49A7-BC4F-3FF1D35A3B6F}"
EndProject
Project("{9A19103F-16F7-4668-BE54-9A1E7A4F7556}") = "SpreadsheetGUI", "PS6Skeleton\SpreadsheetGUI.csproj", "{B86FEFCB-94DB-44D8-81D1-574E83E0E52A}"
EndProject
Global
	GlobalSection(SolutionConfigurationPlatforms) = preSolution
		Debug|Any CPU = Debug|Any CPU
		Release|Any CPU = Release|Any CPU
	EndGlobalSection
	GlobalSection(ProjectConfigurationPlatforms) = postSolution
		{4F37CD6F-F5F8-410B-8D77-A02862562A9E}.Debug|Any CPU.ActiveCfg = Debug|Any CPU
		{4F37CD6F-F5F8-410B-8D77-A02862562A9E}.Debug|Any CPU.Build.0 = Debug|Any CPU
		{4F37CD6F-F5F8-410B-8D77-A02862562A9E}.Release|Any CPU.ActiveCfg = Release|Any CPU
		{4F37CD6F-F5F8-410B-8D77-A02862562A9E}.Release|Any CPU.Build.0 = Release|Any CPU
		{2D28BAC4-FD31-42D0-AF99-B224591CEBB6}.Debug|Any CPU.ActiveCfg = Debug|Any CPU
		{2D28BAC4-FD31-42D0-AF99-B224591CEBB6}.Debug|Any CPU.Build.0 = Debug|Any CPU
		{2D28BAC4-FD31-42D0-AF99-B224591CEBB6}.Release|Any CPU.ActiveCfg = Release|Any CPU
		{2D28BAC4-FD31-42D0-AF99-B224591CEBB6}.Release|Any CPU.Build.0 = Release|Any CPU
		{AA551EFE-DADB-4351-A0EF-3969D175A470}.Debug|Any CPU.ActiveCfg = Debug|Any CPU
		{AA551EFE-DADB-4351-A0EF-3969D175A470}.Debug|Any CPU.Build.0 = Debug|Any CPU
		{AA551EFE-DADB-4351-A0EF-3969D175A470}.Release|Any CPU.ActiveCfg = Release|Any CPU
		{AA551EFE-DADB-4351-A0EF-3969D175A470}.Release|Any CPU.Build.0 = Release|Any CPU
		{83FAB5EA-B7E5-476A-A2AE-58C8A5EC6818}.Debug|Any CPU.ActiveCfg = Debug|Any CPU
		{83FAB5EA-B7E5-476A-A2AE-58C8A5EC6818}.Debug|Any CPU.Build.0 = Debug|Any CPU
		{83FAB5EA-B7E5-476A-A2AE-58C8A5EC6818}.Release|Any CPU.ActiveCfg = Release|Any CPU
		{83FAB5EA-B7E5-476A-A2AE-58C8A5EC6818}.Release|Any CPU.Build.0 = Release|Any CPU
		{2B90CCAD-C7E8-4B53-91B6-3FFF1CF2AC39}.Debug|Any CPU.ActiveCfg = Debug|Any CPU
		{2B90CCAD-C7E8-4B53-91B6-3FFF1CF2AC39}.Debug|Any CPU.Build.0 = Debug|Any CPU
		{2B90CCAD-C7E8-4B53-91B6-3FFF1CF2AC39}.Release|Any CPU.ActiveCfg = Release|Any CPU
		{2B90CCAD-C7E8-4B53-91B6-3FFF1CF2AC39}.Release|Any CPU.Build.0 = Release|Any CPU
		{0EC77AD2-C35A-4B93-A383-C8D388D26797}.Debug|Any CPU.ActiveCfg = Debug|Any CPU
		{0EC77AD2-C35A-4B93-A383-C8D388D26797}.Debug|Any CPU.Build.0 = Debug|Any CPU
		{0EC77AD2-C35A-4B93-A383-C8D388D26797}.Release|Any CPU.ActiveCfg = Release|Any CPU
		{0EC77AD2-C35A-4B93-A383-C8D388D26797}.Release|Any CPU.Build.0 = Release|Any CPU
		{30B2D8E9-DCE5-4770-BC7D-51D7FEED60A7}.Debug|Any CPU.ActiveCfg = Debug|Any CPU
		{30B2D8E9-DCE5-4770-BC7D-51D7FEED60A7}.Debug|Any CPU.Build.0 = Debug|Any CPU
		{30B2D8E9-DCE5-4770-BC7D-51D7FEED60A7}.Release|Any CPU.ActiveCfg = Release|Any CPU
		{30B2D8E9-DCE5-4770-BC7D-51D7FEED60A7}.Release|Any CPU.Build.0 = Release|Any CPU
		{28DB143E-D32F-49A7-BC4F-3FF1D35A3B6F}.Debug|Any CPU.ActiveCfg = Debug|Any CPU
		{28DB143E-D32F-49A7-BC4F-3FF1D35A3B6F}.Debug|Any CPU.Build.0 = Debug|Any CPU
		{28DB143E-D32F-49A7-BC4F-3FF1D35A3B6F}.Release|Any CPU.ActiveCfg = Release|Any CPU
		{28DB143E-D32F-49A7-BC4F-3FF1D35A3B6F}.Release|Any CPU.Build.0 = Release|Any CPU
		{B86FEFCB-94DB-44D8-81D1-574E83E0E52A}.Debug|Any CPU.ActiveCfg = Debug|Any CPU
		{B86FEFCB-94DB-44D8-81D1-574E83E0E52A}.Debug|Any CPU.Build.0 = Debug|Any CPU
		{B86FEFCB-94DB-44D8-81D1-574E83E0E52A}.Debug|Any CPU.Deploy.0 = Debug|Any CPU
		{B86FEFCB-94DB-44D8-81D1-574E83E0E52A}.Release|Any CPU.ActiveCfg = Release|Any CPU
		{B86FEFCB-94DB-44D8-81D1-574E83E0E52A}.Release|Any CPU.Build.0 = Release|Any CPU
	EndGlobalSection
	GlobalSection(SolutionProperties) = preSolution
		HideSolutionNode = FALSE
	EndGlobalSection
	GlobalSection(ExtensibilityGlobals) = postSolution
		SolutionGuid = {6434FBF9-7793-4E4A-8D8D-84BD4722C687}
	EndGlobalSection
EndGlobal
